// !$*UTF8*$!
{
	archiveVersion = 1;
	classes = {
	};
	objectVersion = 50;
	objects = {

/* Begin PBXBuildFile section */
		2B5B0CA826B380890004DB2D /* Mute.swift in Sources */ = {isa = PBXBuildFile; fileRef = 2B5B0CA726B380890004DB2D /* Mute.swift */; };
		2BA906C1257306E100F7C32E /* PiSymphonyApp.swift in Sources */ = {isa = PBXBuildFile; fileRef = 2BA906C0257306E100F7C32E /* PiSymphonyApp.swift */; };
		2BA906C5257306E100F7C32E /* Assets.xcassets in Resources */ = {isa = PBXBuildFile; fileRef = 2BA906C4257306E100F7C32E /* Assets.xcassets */; };
		2BA906C8257306E200F7C32E /* Preview Assets.xcassets in Resources */ = {isa = PBXBuildFile; fileRef = 2BA906C7257306E200F7C32E /* Preview Assets.xcassets */; };
		2BA906D3257306E200F7C32E /* PiSymphonyTests.swift in Sources */ = {isa = PBXBuildFile; fileRef = 2BA906D2257306E200F7C32E /* PiSymphonyTests.swift */; };
		2BA906DE257306E200F7C32E /* PiSymphonyUITests.swift in Sources */ = {isa = PBXBuildFile; fileRef = 2BA906DD257306E200F7C32E /* PiSymphonyUITests.swift */; };
		2BA906EF2573338D00F7C32E /* SpeakerView.swift in Sources */ = {isa = PBXBuildFile; fileRef = 2BA906EE2573338D00F7C32E /* SpeakerView.swift */; };
		2BA906F525733D2100F7C32E /* Speaker.swift in Sources */ = {isa = PBXBuildFile; fileRef = 2BA906F425733D2100F7C32E /* Speaker.swift */; };
		2BA9071925734B5600F7C32E /* SpeakerListView.swift in Sources */ = {isa = PBXBuildFile; fileRef = 2BA9071825734B5600F7C32E /* SpeakerListView.swift */; };
		2BB2CE0D2585E78000B4368B /* HttpRequester.swift in Sources */ = {isa = PBXBuildFile; fileRef = 2BB2CE0C2585E78000B4368B /* HttpRequester.swift */; };
		2BCA596026B28D910082F752 /* SpeakerService.swift in Sources */ = {isa = PBXBuildFile; fileRef = 2BCA595F26B28D910082F752 /* SpeakerService.swift */; };
		2BCA596326B295220082F752 /* SnapcastSpeakerService.swift in Sources */ = {isa = PBXBuildFile; fileRef = 2BCA596226B295220082F752 /* SnapcastSpeakerService.swift */; };
		2BCA596526B2958F0082F752 /* DummySpeakerService.swift in Sources */ = {isa = PBXBuildFile; fileRef = 2BCA596426B2958F0082F752 /* DummySpeakerService.swift */; };
		2BCA596D26B29E5E0082F752 /* GetServerStatusRequest.swift in Sources */ = {isa = PBXBuildFile; fileRef = 2BCA596C26B29E5E0082F752 /* GetServerStatusRequest.swift */; };
		2BD54AC826B2594900176A32 /* JsonRpcClient.swift in Sources */ = {isa = PBXBuildFile; fileRef = 2BD54AC726B2594900176A32 /* JsonRpcClient.swift */; };
		2BD54AD226B2632E00176A32 /* Volume.swift in Sources */ = {isa = PBXBuildFile; fileRef = 2BD54AD126B2632E00176A32 /* Volume.swift */; };
		2BD54AD426B2637A00176A32 /* Client.swift in Sources */ = {isa = PBXBuildFile; fileRef = 2BD54AD326B2637A00176A32 /* Client.swift */; };
		2BD54AD626B263B300176A32 /* Config.swift in Sources */ = {isa = PBXBuildFile; fileRef = 2BD54AD526B263B300176A32 /* Config.swift */; };
		2BD54AD826B2640700176A32 /* Host.swift in Sources */ = {isa = PBXBuildFile; fileRef = 2BD54AD726B2640700176A32 /* Host.swift */; };
		2BD54ADA26B2646400176A32 /* LastSeen.swift in Sources */ = {isa = PBXBuildFile; fileRef = 2BD54AD926B2646400176A32 /* LastSeen.swift */; };
		2BD54ADC26B264F700176A32 /* SnapClient.swift in Sources */ = {isa = PBXBuildFile; fileRef = 2BD54ADB26B264F700176A32 /* SnapClient.swift */; };
		2BD54ADE26B2654300176A32 /* Group.swift in Sources */ = {isa = PBXBuildFile; fileRef = 2BD54ADD26B2654300176A32 /* Group.swift */; };
		2BD54AE026B265CB00176A32 /* System.swift in Sources */ = {isa = PBXBuildFile; fileRef = 2BD54ADF26B265CB00176A32 /* System.swift */; };
		2BD54AE226B2664200176A32 /* Server.swift in Sources */ = {isa = PBXBuildFile; fileRef = 2BD54AE126B2664200176A32 /* Server.swift */; };
		2BD54AE426B2667700176A32 /* SnapServer.swift in Sources */ = {isa = PBXBuildFile; fileRef = 2BD54AE326B2667700176A32 /* SnapServer.swift */; };
		2BD54AE626B267B900176A32 /* Stream.swift in Sources */ = {isa = PBXBuildFile; fileRef = 2BD54AE526B267B900176A32 /* Stream.swift */; };
		2BD54AE826B2684200176A32 /* Uri.swift in Sources */ = {isa = PBXBuildFile; fileRef = 2BD54AE726B2684200176A32 /* Uri.swift */; };
		2BD54AEA26B2687400176A32 /* Query.swift in Sources */ = {isa = PBXBuildFile; fileRef = 2BD54AE926B2687400176A32 /* Query.swift */; };
		2BD54AEC26B269D500176A32 /* GetServerStatusResponse.swift in Sources */ = {isa = PBXBuildFile; fileRef = 2BD54AEB26B269D500176A32 /* GetServerStatusResponse.swift */; };
		2BD54AEE26B26A1A00176A32 /* GetServerStatusResult.swift in Sources */ = {isa = PBXBuildFile; fileRef = 2BD54AED26B26A1A00176A32 /* GetServerStatusResult.swift */; };
		2BD54AF226B276E800176A32 /* MuteParams.swift in Sources */ = {isa = PBXBuildFile; fileRef = 2BD54AF126B276E800176A32 /* MuteParams.swift */; };
		2BD54AF426B2772700176A32 /* MuteRequest.swift in Sources */ = {isa = PBXBuildFile; fileRef = 2BD54AF326B2772700176A32 /* MuteRequest.swift */; };
/* End PBXBuildFile section */

/* Begin PBXContainerItemProxy section */
		2BA906CF257306E200F7C32E /* PBXContainerItemProxy */ = {
			isa = PBXContainerItemProxy;
			containerPortal = 2BA906B5257306E100F7C32E /* Project object */;
			proxyType = 1;
			remoteGlobalIDString = 2BA906BC257306E100F7C32E;
			remoteInfo = PiSymphony;
		};
		2BA906DA257306E200F7C32E /* PBXContainerItemProxy */ = {
			isa = PBXContainerItemProxy;
			containerPortal = 2BA906B5257306E100F7C32E /* Project object */;
			proxyType = 1;
			remoteGlobalIDString = 2BA906BC257306E100F7C32E;
			remoteInfo = PiSymphony;
		};
/* End PBXContainerItemProxy section */

/* Begin PBXFileReference section */
		2B5B0CA726B380890004DB2D /* Mute.swift */ = {isa = PBXFileReference; lastKnownFileType = sourcecode.swift; path = Mute.swift; sourceTree = "<group>"; };
		2BA906BD257306E100F7C32E /* PiSymphony.app */ = {isa = PBXFileReference; explicitFileType = wrapper.application; includeInIndex = 0; path = PiSymphony.app; sourceTree = BUILT_PRODUCTS_DIR; };
		2BA906C0257306E100F7C32E /* PiSymphonyApp.swift */ = {isa = PBXFileReference; lastKnownFileType = sourcecode.swift; path = PiSymphonyApp.swift; sourceTree = "<group>"; };
		2BA906C4257306E100F7C32E /* Assets.xcassets */ = {isa = PBXFileReference; lastKnownFileType = folder.assetcatalog; path = Assets.xcassets; sourceTree = "<group>"; };
		2BA906C7257306E200F7C32E /* Preview Assets.xcassets */ = {isa = PBXFileReference; lastKnownFileType = folder.assetcatalog; path = "Preview Assets.xcassets"; sourceTree = "<group>"; };
		2BA906C9257306E200F7C32E /* Info.plist */ = {isa = PBXFileReference; lastKnownFileType = text.plist.xml; path = Info.plist; sourceTree = "<group>"; };
		2BA906CE257306E200F7C32E /* PiSymphonyTests.xctest */ = {isa = PBXFileReference; explicitFileType = wrapper.cfbundle; includeInIndex = 0; path = PiSymphonyTests.xctest; sourceTree = BUILT_PRODUCTS_DIR; };
		2BA906D2257306E200F7C32E /* PiSymphonyTests.swift */ = {isa = PBXFileReference; lastKnownFileType = sourcecode.swift; path = PiSymphonyTests.swift; sourceTree = "<group>"; };
		2BA906D4257306E200F7C32E /* Info.plist */ = {isa = PBXFileReference; lastKnownFileType = text.plist.xml; path = Info.plist; sourceTree = "<group>"; };
		2BA906D9257306E200F7C32E /* PiSymphonyUITests.xctest */ = {isa = PBXFileReference; explicitFileType = wrapper.cfbundle; includeInIndex = 0; path = PiSymphonyUITests.xctest; sourceTree = BUILT_PRODUCTS_DIR; };
		2BA906DD257306E200F7C32E /* PiSymphonyUITests.swift */ = {isa = PBXFileReference; lastKnownFileType = sourcecode.swift; path = PiSymphonyUITests.swift; sourceTree = "<group>"; };
		2BA906DF257306E200F7C32E /* Info.plist */ = {isa = PBXFileReference; lastKnownFileType = text.plist.xml; path = Info.plist; sourceTree = "<group>"; };
		2BA906EE2573338D00F7C32E /* SpeakerView.swift */ = {isa = PBXFileReference; lastKnownFileType = sourcecode.swift; path = SpeakerView.swift; sourceTree = "<group>"; };
		2BA906F425733D2100F7C32E /* Speaker.swift */ = {isa = PBXFileReference; lastKnownFileType = sourcecode.swift; path = Speaker.swift; sourceTree = "<group>"; };
		2BA9071825734B5600F7C32E /* SpeakerListView.swift */ = {isa = PBXFileReference; lastKnownFileType = sourcecode.swift; path = SpeakerListView.swift; sourceTree = "<group>"; };
		2BB2CE0C2585E78000B4368B /* HttpRequester.swift */ = {isa = PBXFileReference; lastKnownFileType = sourcecode.swift; path = HttpRequester.swift; sourceTree = "<group>"; };
		2BCA595F26B28D910082F752 /* SpeakerService.swift */ = {isa = PBXFileReference; lastKnownFileType = sourcecode.swift; path = SpeakerService.swift; sourceTree = "<group>"; };
		2BCA596226B295220082F752 /* SnapcastSpeakerService.swift */ = {isa = PBXFileReference; lastKnownFileType = sourcecode.swift; path = SnapcastSpeakerService.swift; sourceTree = "<group>"; };
		2BCA596426B2958F0082F752 /* DummySpeakerService.swift */ = {isa = PBXFileReference; lastKnownFileType = sourcecode.swift; path = DummySpeakerService.swift; sourceTree = "<group>"; };
		2BCA596C26B29E5E0082F752 /* GetServerStatusRequest.swift */ = {isa = PBXFileReference; lastKnownFileType = sourcecode.swift; path = GetServerStatusRequest.swift; sourceTree = "<group>"; };
		2BD54AC726B2594900176A32 /* JsonRpcClient.swift */ = {isa = PBXFileReference; lastKnownFileType = sourcecode.swift; path = JsonRpcClient.swift; sourceTree = "<group>"; };
		2BD54AD126B2632E00176A32 /* Volume.swift */ = {isa = PBXFileReference; lastKnownFileType = sourcecode.swift; path = Volume.swift; sourceTree = "<group>"; };
		2BD54AD326B2637A00176A32 /* Client.swift */ = {isa = PBXFileReference; lastKnownFileType = sourcecode.swift; path = Client.swift; sourceTree = "<group>"; };
		2BD54AD526B263B300176A32 /* Config.swift */ = {isa = PBXFileReference; lastKnownFileType = sourcecode.swift; path = Config.swift; sourceTree = "<group>"; };
		2BD54AD726B2640700176A32 /* Host.swift */ = {isa = PBXFileReference; lastKnownFileType = sourcecode.swift; path = Host.swift; sourceTree = "<group>"; };
		2BD54AD926B2646400176A32 /* LastSeen.swift */ = {isa = PBXFileReference; lastKnownFileType = sourcecode.swift; path = LastSeen.swift; sourceTree = "<group>"; };
		2BD54ADB26B264F700176A32 /* SnapClient.swift */ = {isa = PBXFileReference; lastKnownFileType = sourcecode.swift; path = SnapClient.swift; sourceTree = "<group>"; };
		2BD54ADD26B2654300176A32 /* Group.swift */ = {isa = PBXFileReference; lastKnownFileType = sourcecode.swift; path = Group.swift; sourceTree = "<group>"; };
		2BD54ADF26B265CB00176A32 /* System.swift */ = {isa = PBXFileReference; lastKnownFileType = sourcecode.swift; path = System.swift; sourceTree = "<group>"; };
		2BD54AE126B2664200176A32 /* Server.swift */ = {isa = PBXFileReference; lastKnownFileType = sourcecode.swift; path = Server.swift; sourceTree = "<group>"; };
		2BD54AE326B2667700176A32 /* SnapServer.swift */ = {isa = PBXFileReference; lastKnownFileType = sourcecode.swift; path = SnapServer.swift; sourceTree = "<group>"; };
		2BD54AE526B267B900176A32 /* Stream.swift */ = {isa = PBXFileReference; lastKnownFileType = sourcecode.swift; path = Stream.swift; sourceTree = "<group>"; };
		2BD54AE726B2684200176A32 /* Uri.swift */ = {isa = PBXFileReference; lastKnownFileType = sourcecode.swift; path = Uri.swift; sourceTree = "<group>"; };
		2BD54AE926B2687400176A32 /* Query.swift */ = {isa = PBXFileReference; lastKnownFileType = sourcecode.swift; path = Query.swift; sourceTree = "<group>"; };
		2BD54AEB26B269D500176A32 /* GetServerStatusResponse.swift */ = {isa = PBXFileReference; lastKnownFileType = sourcecode.swift; path = GetServerStatusResponse.swift; sourceTree = "<group>"; };
		2BD54AED26B26A1A00176A32 /* GetServerStatusResult.swift */ = {isa = PBXFileReference; lastKnownFileType = sourcecode.swift; path = GetServerStatusResult.swift; sourceTree = "<group>"; };
		2BD54AF126B276E800176A32 /* MuteParams.swift */ = {isa = PBXFileReference; lastKnownFileType = sourcecode.swift; path = MuteParams.swift; sourceTree = "<group>"; };
		2BD54AF326B2772700176A32 /* MuteRequest.swift */ = {isa = PBXFileReference; lastKnownFileType = sourcecode.swift; path = MuteRequest.swift; sourceTree = "<group>"; };
/* End PBXFileReference section */

/* Begin PBXFrameworksBuildPhase section */
		2BA906BA257306E100F7C32E /* Frameworks */ = {
			isa = PBXFrameworksBuildPhase;
			buildActionMask = 2147483647;
			files = (
			);
			runOnlyForDeploymentPostprocessing = 0;
		};
		2BA906CB257306E200F7C32E /* Frameworks */ = {
			isa = PBXFrameworksBuildPhase;
			buildActionMask = 2147483647;
			files = (
			);
			runOnlyForDeploymentPostprocessing = 0;
		};
		2BA906D6257306E200F7C32E /* Frameworks */ = {
			isa = PBXFrameworksBuildPhase;
			buildActionMask = 2147483647;
			files = (
			);
			runOnlyForDeploymentPostprocessing = 0;
		};
/* End PBXFrameworksBuildPhase section */

/* Begin PBXGroup section */
		2BA906B4257306E100F7C32E = {
			isa = PBXGroup;
			children = (
				2BCA596126B28F600082F752 /* Http */,
				2BA9072025734EB400F7C32E /* Snapcast */,
				2BCA595D26B28D130082F752 /* Speaker */,
				2BA906BF257306E100F7C32E /* PiSymphony */,
				2BA906D1257306E200F7C32E /* PiSymphonyTests */,
				2BA906DC257306E200F7C32E /* PiSymphonyUITests */,
				2BA906BE257306E100F7C32E /* Products */,
			);
			sourceTree = "<group>";
		};
		2BA906BE257306E100F7C32E /* Products */ = {
			isa = PBXGroup;
			children = (
				2BA906BD257306E100F7C32E /* PiSymphony.app */,
				2BA906CE257306E200F7C32E /* PiSymphonyTests.xctest */,
				2BA906D9257306E200F7C32E /* PiSymphonyUITests.xctest */,
			);
			name = Products;
			sourceTree = "<group>";
		};
		2BA906BF257306E100F7C32E /* PiSymphony */ = {
			isa = PBXGroup;
			children = (
				2BA906EE2573338D00F7C32E /* SpeakerView.swift */,
				2BA9071825734B5600F7C32E /* SpeakerListView.swift */,
				2BA906C0257306E100F7C32E /* PiSymphonyApp.swift */,
				2BA906C4257306E100F7C32E /* Assets.xcassets */,
				2BA906C9257306E200F7C32E /* Info.plist */,
				2BA906C6257306E200F7C32E /* Preview Content */,
			);
			path = PiSymphony;
			sourceTree = "<group>";
		};
		2BA906C6257306E200F7C32E /* Preview Content */ = {
			isa = PBXGroup;
			children = (
				2BA906C7257306E200F7C32E /* Preview Assets.xcassets */,
			);
			path = "Preview Content";
			sourceTree = "<group>";
		};
		2BA906D1257306E200F7C32E /* PiSymphonyTests */ = {
			isa = PBXGroup;
			children = (
				2BA906D2257306E200F7C32E /* PiSymphonyTests.swift */,
				2BA906D4257306E200F7C32E /* Info.plist */,
			);
			path = PiSymphonyTests;
			sourceTree = "<group>";
		};
		2BA906DC257306E200F7C32E /* PiSymphonyUITests */ = {
			isa = PBXGroup;
			children = (
				2BA906DD257306E200F7C32E /* PiSymphonyUITests.swift */,
				2BA906DF257306E200F7C32E /* Info.plist */,
			);
			path = PiSymphonyUITests;
			sourceTree = "<group>";
		};
		2BA9072025734EB400F7C32E /* Snapcast */ = {
			isa = PBXGroup;
			children = (
				2BD54AD026B262B000176A32 /* Model */,
				2BD54AC726B2594900176A32 /* JsonRpcClient.swift */,
			);
			path = Snapcast;
			sourceTree = "<group>";
		};
		2BCA595B26B28C4B0082F752 /* Response */ = {
			isa = PBXGroup;
			children = (
				2BCA597026B2A3A90082F752 /* Server */,
			);
			path = Response;
			sourceTree = "<group>";
		};
		2BCA595C26B28C630082F752 /* Request */ = {
			isa = PBXGroup;
			children = (
				2BCA596E26B2A37C0082F752 /* Client */,
				2BCA596F26B2A3890082F752 /* Server */,
			);
			path = Request;
			sourceTree = "<group>";
		};
		2BCA595D26B28D130082F752 /* Speaker */ = {
			isa = PBXGroup;
			children = (
				2BCA595E26B28D430082F752 /* Model */,
				2BCA595F26B28D910082F752 /* SpeakerService.swift */,
				2BCA596226B295220082F752 /* SnapcastSpeakerService.swift */,
				2BCA596426B2958F0082F752 /* DummySpeakerService.swift */,
			);
			path = Speaker;
			sourceTree = "<group>";
		};
		2BCA595E26B28D430082F752 /* Model */ = {
			isa = PBXGroup;
			children = (
				2BA906F425733D2100F7C32E /* Speaker.swift */,
			);
			path = Model;
			sourceTree = "<group>";
		};
		2BCA596126B28F600082F752 /* Http */ = {
			isa = PBXGroup;
			children = (
				2BB2CE0C2585E78000B4368B /* HttpRequester.swift */,
			);
			path = Http;
			sourceTree = "<group>";
		};
		2BCA596E26B2A37C0082F752 /* Client */ = {
			isa = PBXGroup;
			children = (
				2BD54AF326B2772700176A32 /* MuteRequest.swift */,
				2BD54AF126B276E800176A32 /* MuteParams.swift */,
				2B5B0CA726B380890004DB2D /* Mute.swift */,
			);
			path = Client;
			sourceTree = "<group>";
		};
		2BCA596F26B2A3890082F752 /* Server */ = {
			isa = PBXGroup;
			children = (
				2BCA596C26B29E5E0082F752 /* GetServerStatusRequest.swift */,
			);
			path = Server;
			sourceTree = "<group>";
		};
		2BCA597026B2A3A90082F752 /* Server */ = {
			isa = PBXGroup;
			children = (
				2BD54AED26B26A1A00176A32 /* GetServerStatusResult.swift */,
				2BD54AEB26B269D500176A32 /* GetServerStatusResponse.swift */,
			);
			path = Server;
			sourceTree = "<group>";
		};
		2BD54AD026B262B000176A32 /* Model */ = {
			isa = PBXGroup;
			children = (
				2BCA595C26B28C630082F752 /* Request */,
				2BCA595B26B28C4B0082F752 /* Response */,
				2BD54AD126B2632E00176A32 /* Volume.swift */,
				2BD54AD326B2637A00176A32 /* Client.swift */,
				2BD54AD526B263B300176A32 /* Config.swift */,
				2BD54AD726B2640700176A32 /* Host.swift */,
				2BD54AD926B2646400176A32 /* LastSeen.swift */,
				2BD54ADB26B264F700176A32 /* SnapClient.swift */,
				2BD54ADD26B2654300176A32 /* Group.swift */,
				2BD54ADF26B265CB00176A32 /* System.swift */,
				2BD54AE126B2664200176A32 /* Server.swift */,
				2BD54AE326B2667700176A32 /* SnapServer.swift */,
				2BD54AE526B267B900176A32 /* Stream.swift */,
				2BD54AE726B2684200176A32 /* Uri.swift */,
				2BD54AE926B2687400176A32 /* Query.swift */,
			);
			path = Model;
			sourceTree = "<group>";
		};
/* End PBXGroup section */

/* Begin PBXNativeTarget section */
		2BA906BC257306E100F7C32E /* PiSymphony */ = {
			isa = PBXNativeTarget;
			buildConfigurationList = 2BA906E2257306E200F7C32E /* Build configuration list for PBXNativeTarget "PiSymphony" */;
			buildPhases = (
				2BA906B9257306E100F7C32E /* Sources */,
				2BA906BA257306E100F7C32E /* Frameworks */,
				2BA906BB257306E100F7C32E /* Resources */,
			);
			buildRules = (
			);
			dependencies = (
			);
			name = PiSymphony;
			productName = PiSymphony;
			productReference = 2BA906BD257306E100F7C32E /* PiSymphony.app */;
			productType = "com.apple.product-type.application";
		};
		2BA906CD257306E200F7C32E /* PiSymphonyTests */ = {
			isa = PBXNativeTarget;
			buildConfigurationList = 2BA906E5257306E200F7C32E /* Build configuration list for PBXNativeTarget "PiSymphonyTests" */;
			buildPhases = (
				2BA906CA257306E200F7C32E /* Sources */,
				2BA906CB257306E200F7C32E /* Frameworks */,
				2BA906CC257306E200F7C32E /* Resources */,
			);
			buildRules = (
			);
			dependencies = (
				2BA906D0257306E200F7C32E /* PBXTargetDependency */,
			);
			name = PiSymphonyTests;
			productName = PiSymphonyTests;
			productReference = 2BA906CE257306E200F7C32E /* PiSymphonyTests.xctest */;
			productType = "com.apple.product-type.bundle.unit-test";
		};
		2BA906D8257306E200F7C32E /* PiSymphonyUITests */ = {
			isa = PBXNativeTarget;
			buildConfigurationList = 2BA906E8257306E200F7C32E /* Build configuration list for PBXNativeTarget "PiSymphonyUITests" */;
			buildPhases = (
				2BA906D5257306E200F7C32E /* Sources */,
				2BA906D6257306E200F7C32E /* Frameworks */,
				2BA906D7257306E200F7C32E /* Resources */,
			);
			buildRules = (
			);
			dependencies = (
				2BA906DB257306E200F7C32E /* PBXTargetDependency */,
			);
			name = PiSymphonyUITests;
			productName = PiSymphonyUITests;
			productReference = 2BA906D9257306E200F7C32E /* PiSymphonyUITests.xctest */;
			productType = "com.apple.product-type.bundle.ui-testing";
		};
/* End PBXNativeTarget section */

/* Begin PBXProject section */
		2BA906B5257306E100F7C32E /* Project object */ = {
			isa = PBXProject;
			attributes = {
				LastSwiftUpdateCheck = 1220;
				LastUpgradeCheck = 1220;
				TargetAttributes = {
					2BA906BC257306E100F7C32E = {
						CreatedOnToolsVersion = 12.2;
					};
					2BA906CD257306E200F7C32E = {
						CreatedOnToolsVersion = 12.2;
						TestTargetID = 2BA906BC257306E100F7C32E;
					};
					2BA906D8257306E200F7C32E = {
						CreatedOnToolsVersion = 12.2;
						TestTargetID = 2BA906BC257306E100F7C32E;
					};
				};
			};
			buildConfigurationList = 2BA906B8257306E100F7C32E /* Build configuration list for PBXProject "PiSymphony" */;
			compatibilityVersion = "Xcode 9.3";
			developmentRegion = en;
			hasScannedForEncodings = 0;
			knownRegions = (
				en,
				Base,
			);
			mainGroup = 2BA906B4257306E100F7C32E;
			productRefGroup = 2BA906BE257306E100F7C32E /* Products */;
			projectDirPath = "";
			projectRoot = "";
			targets = (
				2BA906BC257306E100F7C32E /* PiSymphony */,
				2BA906CD257306E200F7C32E /* PiSymphonyTests */,
				2BA906D8257306E200F7C32E /* PiSymphonyUITests */,
			);
		};
/* End PBXProject section */

/* Begin PBXResourcesBuildPhase section */
		2BA906BB257306E100F7C32E /* Resources */ = {
			isa = PBXResourcesBuildPhase;
			buildActionMask = 2147483647;
			files = (
				2BA906C8257306E200F7C32E /* Preview Assets.xcassets in Resources */,
				2BA906C5257306E100F7C32E /* Assets.xcassets in Resources */,
			);
			runOnlyForDeploymentPostprocessing = 0;
		};
		2BA906CC257306E200F7C32E /* Resources */ = {
			isa = PBXResourcesBuildPhase;
			buildActionMask = 2147483647;
			files = (
			);
			runOnlyForDeploymentPostprocessing = 0;
		};
		2BA906D7257306E200F7C32E /* Resources */ = {
			isa = PBXResourcesBuildPhase;
			buildActionMask = 2147483647;
			files = (
			);
			runOnlyForDeploymentPostprocessing = 0;
		};
/* End PBXResourcesBuildPhase section */

/* Begin PBXSourcesBuildPhase section */
		2BA906B9257306E100F7C32E /* Sources */ = {
			isa = PBXSourcesBuildPhase;
			buildActionMask = 2147483647;
			files = (
				2BCA596326B295220082F752 /* SnapcastSpeakerService.swift in Sources */,
				2BD54AE826B2684200176A32 /* Uri.swift in Sources */,
				2BCA596526B2958F0082F752 /* DummySpeakerService.swift in Sources */,
				2BD54ADA26B2646400176A32 /* LastSeen.swift in Sources */,
				2BD54ADE26B2654300176A32 /* Group.swift in Sources */,
				2BA906EF2573338D00F7C32E /* SpeakerView.swift in Sources */,
				2BA906F525733D2100F7C32E /* Speaker.swift in Sources */,
				2BD54AF226B276E800176A32 /* MuteParams.swift in Sources */,
				2BD54AD826B2640700176A32 /* Host.swift in Sources */,
				2BD54AEE26B26A1A00176A32 /* GetServerStatusResult.swift in Sources */,
				2BCA596D26B29E5E0082F752 /* GetServerStatusRequest.swift in Sources */,
				2BD54AD426B2637A00176A32 /* Client.swift in Sources */,
				2BD54AE426B2667700176A32 /* SnapServer.swift in Sources */,
				2BD54AD626B263B300176A32 /* Config.swift in Sources */,
				2B5B0CA826B380890004DB2D /* Mute.swift in Sources */,
				2BCA596026B28D910082F752 /* SpeakerService.swift in Sources */,
				2BD54AD226B2632E00176A32 /* Volume.swift in Sources */,
				2BA906C1257306E100F7C32E /* PiSymphonyApp.swift in Sources */,
				2BD54AF426B2772700176A32 /* MuteRequest.swift in Sources */,
				2BD54ADC26B264F700176A32 /* SnapClient.swift in Sources */,
				2BA9071925734B5600F7C32E /* SpeakerListView.swift in Sources */,
				2BD54AEC26B269D500176A32 /* GetServerStatusResponse.swift in Sources */,
				2BD54AEA26B2687400176A32 /* Query.swift in Sources */,
				2BD54AE226B2664200176A32 /* Server.swift in Sources */,
				2BD54AE026B265CB00176A32 /* System.swift in Sources */,
				2BD54AC826B2594900176A32 /* JsonRpcClient.swift in Sources */,
				2BB2CE0D2585E78000B4368B /* HttpRequester.swift in Sources */,
				2BD54AE626B267B900176A32 /* Stream.swift in Sources */,
			);
			runOnlyForDeploymentPostprocessing = 0;
		};
		2BA906CA257306E200F7C32E /* Sources */ = {
			isa = PBXSourcesBuildPhase;
			buildActionMask = 2147483647;
			files = (
				2BA906D3257306E200F7C32E /* PiSymphonyTests.swift in Sources */,
			);
			runOnlyForDeploymentPostprocessing = 0;
		};
		2BA906D5257306E200F7C32E /* Sources */ = {
			isa = PBXSourcesBuildPhase;
			buildActionMask = 2147483647;
			files = (
				2BA906DE257306E200F7C32E /* PiSymphonyUITests.swift in Sources */,
			);
			runOnlyForDeploymentPostprocessing = 0;
		};
/* End PBXSourcesBuildPhase section */

/* Begin PBXTargetDependency section */
		2BA906D0257306E200F7C32E /* PBXTargetDependency */ = {
			isa = PBXTargetDependency;
			target = 2BA906BC257306E100F7C32E /* PiSymphony */;
			targetProxy = 2BA906CF257306E200F7C32E /* PBXContainerItemProxy */;
		};
		2BA906DB257306E200F7C32E /* PBXTargetDependency */ = {
			isa = PBXTargetDependency;
			target = 2BA906BC257306E100F7C32E /* PiSymphony */;
			targetProxy = 2BA906DA257306E200F7C32E /* PBXContainerItemProxy */;
		};
/* End PBXTargetDependency section */

/* Begin XCBuildConfiguration section */
		2BA906E0257306E200F7C32E /* Debug */ = {
			isa = XCBuildConfiguration;
			buildSettings = {
				ALWAYS_SEARCH_USER_PATHS = NO;
				CLANG_ANALYZER_NONNULL = YES;
				CLANG_ANALYZER_NUMBER_OBJECT_CONVERSION = YES_AGGRESSIVE;
				CLANG_CXX_LANGUAGE_STANDARD = "gnu++14";
				CLANG_CXX_LIBRARY = "libc++";
				CLANG_ENABLE_MODULES = YES;
				CLANG_ENABLE_OBJC_ARC = YES;
				CLANG_ENABLE_OBJC_WEAK = YES;
				CLANG_WARN_BLOCK_CAPTURE_AUTORELEASING = YES;
				CLANG_WARN_BOOL_CONVERSION = YES;
				CLANG_WARN_COMMA = YES;
				CLANG_WARN_CONSTANT_CONVERSION = YES;
				CLANG_WARN_DEPRECATED_OBJC_IMPLEMENTATIONS = YES;
				CLANG_WARN_DIRECT_OBJC_ISA_USAGE = YES_ERROR;
				CLANG_WARN_DOCUMENTATION_COMMENTS = YES;
				CLANG_WARN_EMPTY_BODY = YES;
				CLANG_WARN_ENUM_CONVERSION = YES;
				CLANG_WARN_INFINITE_RECURSION = YES;
				CLANG_WARN_INT_CONVERSION = YES;
				CLANG_WARN_NON_LITERAL_NULL_CONVERSION = YES;
				CLANG_WARN_OBJC_IMPLICIT_RETAIN_SELF = YES;
				CLANG_WARN_OBJC_LITERAL_CONVERSION = YES;
				CLANG_WARN_OBJC_ROOT_CLASS = YES_ERROR;
				CLANG_WARN_QUOTED_INCLUDE_IN_FRAMEWORK_HEADER = YES;
				CLANG_WARN_RANGE_LOOP_ANALYSIS = YES;
				CLANG_WARN_STRICT_PROTOTYPES = YES;
				CLANG_WARN_SUSPICIOUS_MOVE = YES;
				CLANG_WARN_UNGUARDED_AVAILABILITY = YES_AGGRESSIVE;
				CLANG_WARN_UNREACHABLE_CODE = YES;
				CLANG_WARN__DUPLICATE_METHOD_MATCH = YES;
				COPY_PHASE_STRIP = NO;
				DEBUG_INFORMATION_FORMAT = dwarf;
				ENABLE_STRICT_OBJC_MSGSEND = YES;
				ENABLE_TESTABILITY = YES;
				GCC_C_LANGUAGE_STANDARD = gnu11;
				GCC_DYNAMIC_NO_PIC = NO;
				GCC_NO_COMMON_BLOCKS = YES;
				GCC_OPTIMIZATION_LEVEL = 0;
				GCC_PREPROCESSOR_DEFINITIONS = (
					"DEBUG=1",
					"$(inherited)",
				);
				GCC_WARN_64_TO_32_BIT_CONVERSION = YES;
				GCC_WARN_ABOUT_RETURN_TYPE = YES_ERROR;
				GCC_WARN_UNDECLARED_SELECTOR = YES;
				GCC_WARN_UNINITIALIZED_AUTOS = YES_AGGRESSIVE;
				GCC_WARN_UNUSED_FUNCTION = YES;
				GCC_WARN_UNUSED_VARIABLE = YES;
				IPHONEOS_DEPLOYMENT_TARGET = 14.2;
				MTL_ENABLE_DEBUG_INFO = INCLUDE_SOURCE;
				MTL_FAST_MATH = YES;
				ONLY_ACTIVE_ARCH = YES;
				SDKROOT = iphoneos;
				SWIFT_ACTIVE_COMPILATION_CONDITIONS = DEBUG;
				SWIFT_OPTIMIZATION_LEVEL = "-Onone";
			};
			name = Debug;
		};
		2BA906E1257306E200F7C32E /* Release */ = {
			isa = XCBuildConfiguration;
			buildSettings = {
				ALWAYS_SEARCH_USER_PATHS = NO;
				CLANG_ANALYZER_NONNULL = YES;
				CLANG_ANALYZER_NUMBER_OBJECT_CONVERSION = YES_AGGRESSIVE;
				CLANG_CXX_LANGUAGE_STANDARD = "gnu++14";
				CLANG_CXX_LIBRARY = "libc++";
				CLANG_ENABLE_MODULES = YES;
				CLANG_ENABLE_OBJC_ARC = YES;
				CLANG_ENABLE_OBJC_WEAK = YES;
				CLANG_WARN_BLOCK_CAPTURE_AUTORELEASING = YES;
				CLANG_WARN_BOOL_CONVERSION = YES;
				CLANG_WARN_COMMA = YES;
				CLANG_WARN_CONSTANT_CONVERSION = YES;
				CLANG_WARN_DEPRECATED_OBJC_IMPLEMENTATIONS = YES;
				CLANG_WARN_DIRECT_OBJC_ISA_USAGE = YES_ERROR;
				CLANG_WARN_DOCUMENTATION_COMMENTS = YES;
				CLANG_WARN_EMPTY_BODY = YES;
				CLANG_WARN_ENUM_CONVERSION = YES;
				CLANG_WARN_INFINITE_RECURSION = YES;
				CLANG_WARN_INT_CONVERSION = YES;
				CLANG_WARN_NON_LITERAL_NULL_CONVERSION = YES;
				CLANG_WARN_OBJC_IMPLICIT_RETAIN_SELF = YES;
				CLANG_WARN_OBJC_LITERAL_CONVERSION = YES;
				CLANG_WARN_OBJC_ROOT_CLASS = YES_ERROR;
				CLANG_WARN_QUOTED_INCLUDE_IN_FRAMEWORK_HEADER = YES;
				CLANG_WARN_RANGE_LOOP_ANALYSIS = YES;
				CLANG_WARN_STRICT_PROTOTYPES = YES;
				CLANG_WARN_SUSPICIOUS_MOVE = YES;
				CLANG_WARN_UNGUARDED_AVAILABILITY = YES_AGGRESSIVE;
				CLANG_WARN_UNREACHABLE_CODE = YES;
				CLANG_WARN__DUPLICATE_METHOD_MATCH = YES;
				COPY_PHASE_STRIP = NO;
				DEBUG_INFORMATION_FORMAT = "dwarf-with-dsym";
				ENABLE_NS_ASSERTIONS = NO;
				ENABLE_STRICT_OBJC_MSGSEND = YES;
				GCC_C_LANGUAGE_STANDARD = gnu11;
				GCC_NO_COMMON_BLOCKS = YES;
				GCC_WARN_64_TO_32_BIT_CONVERSION = YES;
				GCC_WARN_ABOUT_RETURN_TYPE = YES_ERROR;
				GCC_WARN_UNDECLARED_SELECTOR = YES;
				GCC_WARN_UNINITIALIZED_AUTOS = YES_AGGRESSIVE;
				GCC_WARN_UNUSED_FUNCTION = YES;
				GCC_WARN_UNUSED_VARIABLE = YES;
				IPHONEOS_DEPLOYMENT_TARGET = 14.2;
				MTL_ENABLE_DEBUG_INFO = NO;
				MTL_FAST_MATH = YES;
				SDKROOT = iphoneos;
				SWIFT_COMPILATION_MODE = wholemodule;
				SWIFT_OPTIMIZATION_LEVEL = "-O";
				VALIDATE_PRODUCT = YES;
			};
			name = Release;
		};
		2BA906E3257306E200F7C32E /* Debug */ = {
			isa = XCBuildConfiguration;
			buildSettings = {
				ASSETCATALOG_COMPILER_APPICON_NAME = AppIcon;
				ASSETCATALOG_COMPILER_GLOBAL_ACCENT_COLOR_NAME = AccentColor;
				CODE_SIGN_IDENTITY = "Apple Development";
				CODE_SIGN_STYLE = Automatic;
				DEVELOPMENT_ASSET_PATHS = "\"PiSymphony/Preview Content\"";
				DEVELOPMENT_TEAM = SQ46U63294;
				ENABLE_PREVIEWS = YES;
				INFOPLIST_FILE = PiSymphony/Info.plist;
				IPHONEOS_DEPLOYMENT_TARGET = 14.0;
				LD_RUNPATH_SEARCH_PATHS = (
					"$(inherited)",
					"@executable_path/Frameworks",
				);
				PRODUCT_BUNDLE_IDENTIFIER = com.rywiese.PiSymphony;
				PRODUCT_NAME = "$(TARGET_NAME)";
				PROVISIONING_PROFILE_SPECIFIER = "";
				SWIFT_VERSION = 5.0;
				TARGETED_DEVICE_FAMILY = "1,2";
			};
			name = Debug;
		};
		2BA906E4257306E200F7C32E /* Release */ = {
			isa = XCBuildConfiguration;
			buildSettings = {
				ASSETCATALOG_COMPILER_APPICON_NAME = AppIcon;
				ASSETCATALOG_COMPILER_GLOBAL_ACCENT_COLOR_NAME = AccentColor;
				CODE_SIGN_IDENTITY = "Apple Development";
				CODE_SIGN_STYLE = Automatic;
				DEVELOPMENT_ASSET_PATHS = "\"PiSymphony/Preview Content\"";
				DEVELOPMENT_TEAM = SQ46U63294;
				ENABLE_PREVIEWS = YES;
				INFOPLIST_FILE = PiSymphony/Info.plist;
				IPHONEOS_DEPLOYMENT_TARGET = 14.0;
				LD_RUNPATH_SEARCH_PATHS = (
					"$(inherited)",
					"@executable_path/Frameworks",
				);
				PRODUCT_BUNDLE_IDENTIFIER = com.rywiese.PiSymphony;
				PRODUCT_NAME = "$(TARGET_NAME)";
				PROVISIONING_PROFILE_SPECIFIER = "";
				SWIFT_VERSION = 5.0;
				TARGETED_DEVICE_FAMILY = "1,2";
			};
			name = Release;
		};
		2BA906E6257306E200F7C32E /* Debug */ = {
			isa = XCBuildConfiguration;
			buildSettings = {
				ALWAYS_EMBED_SWIFT_STANDARD_LIBRARIES = YES;
				BUNDLE_LOADER = "$(TEST_HOST)";
				CODE_SIGN_STYLE = Automatic;
				INFOPLIST_FILE = PiSymphonyTests/Info.plist;
				IPHONEOS_DEPLOYMENT_TARGET = 14.0;
				LD_RUNPATH_SEARCH_PATHS = (
					"$(inherited)",
					"@executable_path/Frameworks",
					"@loader_path/Frameworks",
				);
				PRODUCT_BUNDLE_IDENTIFIER = com.rywiese.PiSymphonyTests;
				PRODUCT_NAME = "$(TARGET_NAME)";
				SWIFT_VERSION = 5.0;
				TARGETED_DEVICE_FAMILY = "1,2";
				TEST_HOST = "$(BUILT_PRODUCTS_DIR)/PiSymphony.app/PiSymphony";
			};
			name = Debug;
		};
		2BA906E7257306E200F7C32E /* Release */ = {
			isa = XCBuildConfiguration;
			buildSettings = {
				ALWAYS_EMBED_SWIFT_STANDARD_LIBRARIES = YES;
				BUNDLE_LOADER = "$(TEST_HOST)";
				CODE_SIGN_STYLE = Automatic;
				INFOPLIST_FILE = PiSymphonyTests/Info.plist;
				IPHONEOS_DEPLOYMENT_TARGET = 14.0;
				LD_RUNPATH_SEARCH_PATHS = (
					"$(inherited)",
					"@executable_path/Frameworks",
					"@loader_path/Frameworks",
				);
				PRODUCT_BUNDLE_IDENTIFIER = com.rywiese.PiSymphonyTests;
				PRODUCT_NAME = "$(TARGET_NAME)";
				SWIFT_VERSION = 5.0;
				TARGETED_DEVICE_FAMILY = "1,2";
				TEST_HOST = "$(BUILT_PRODUCTS_DIR)/PiSymphony.app/PiSymphony";
			};
			name = Release;
		};
		2BA906E9257306E200F7C32E /* Debug */ = {
			isa = XCBuildConfiguration;
			buildSettings = {
				ALWAYS_EMBED_SWIFT_STANDARD_LIBRARIES = YES;
				CODE_SIGN_STYLE = Automatic;
				INFOPLIST_FILE = PiSymphonyUITests/Info.plist;
				LD_RUNPATH_SEARCH_PATHS = (
					"$(inherited)",
					"@executable_path/Frameworks",
					"@loader_path/Frameworks",
				);
				PRODUCT_BUNDLE_IDENTIFIER = com.rywiese.PiSymphonyUITests;
				PRODUCT_NAME = "$(TARGET_NAME)";
				SWIFT_VERSION = 5.0;
				TARGETED_DEVICE_FAMILY = "1,2";
				TEST_TARGET_NAME = PiSymphony;
			};
			name = Debug;
		};
		2BA906EA257306E200F7C32E /* Release */ = {
			isa = XCBuildConfiguration;
			buildSettings = {
				ALWAYS_EMBED_SWIFT_STANDARD_LIBRARIES = YES;
				CODE_SIGN_STYLE = Automatic;
				INFOPLIST_FILE = PiSymphonyUITests/Info.plist;
				LD_RUNPATH_SEARCH_PATHS = (
					"$(inherited)",
					"@executable_path/Frameworks",
					"@loader_path/Frameworks",
				);
				PRODUCT_BUNDLE_IDENTIFIER = com.rywiese.PiSymphonyUITests;
				PRODUCT_NAME = "$(TARGET_NAME)";
				SWIFT_VERSION = 5.0;
				TARGETED_DEVICE_FAMILY = "1,2";
				TEST_TARGET_NAME = PiSymphony;
			};
			name = Release;
		};
/* End XCBuildConfiguration section */

/* Begin XCConfigurationList section */
		2BA906B8257306E100F7C32E /* Build configuration list for PBXProject "PiSymphony" */ = {
			isa = XCConfigurationList;
			buildConfigurations = (
				2BA906E0257306E200F7C32E /* Debug */,
				2BA906E1257306E200F7C32E /* Release */,
			);
			defaultConfigurationIsVisible = 0;
			defaultConfigurationName = Release;
		};
		2BA906E2257306E200F7C32E /* Build configuration list for PBXNativeTarget "PiSymphony" */ = {
			isa = XCConfigurationList;
			buildConfigurations = (
				2BA906E3257306E200F7C32E /* Debug */,
				2BA906E4257306E200F7C32E /* Release */,
			);
			defaultConfigurationIsVisible = 0;
			defaultConfigurationName = Release;
		};
		2BA906E5257306E200F7C32E /* Build configuration list for PBXNativeTarget "PiSymphonyTests" */ = {
			isa = XCConfigurationList;
			buildConfigurations = (
				2BA906E6257306E200F7C32E /* Debug */,
				2BA906E7257306E200F7C32E /* Release */,
			);
			defaultConfigurationIsVisible = 0;
			defaultConfigurationName = Release;
		};
		2BA906E8257306E200F7C32E /* Build configuration list for PBXNativeTarget "PiSymphonyUITests" */ = {
			isa = XCConfigurationList;
			buildConfigurations = (
				2BA906E9257306E200F7C32E /* Debug */,
				2BA906EA257306E200F7C32E /* Release */,
			);
			defaultConfigurationIsVisible = 0;
			defaultConfigurationName = Release;
		};
/* End XCConfigurationList section */
	};
	rootObject = 2BA906B5257306E100F7C32E /* Project object */;
}
